
Microsoft Visual Studio Solution File, Format Version 12.00
# Visual Studio 15
VisualStudioVersion = 15.0.28307.645
MinimumVisualStudioVersion = 10.0.40219.1
Project("{9A19103F-16F7-4668-BE54-9A1E7A4F7556}") = "CoWorkingAPI", "CoWorkingAPI\CoWorkingAPI.csproj", "{61950169-32A8-4C82-AC3A-F9A467B9A245}"
EndProject
Project("{2150E333-8FDC-42A3-9474-1A3956D46DE8}") = "1. Layers", "1. Layers", "{272F160B-301C-4F29-953E-C1B9D0DB7B8A}"
EndProject
Project("{2150E333-8FDC-42A3-9474-1A3956D46DE8}") = "1.1. Distribuited Services", "1.1. Distribuited Services", "{3DD56CE6-8615-4855-8666-C641E791A1C1}"
EndProject
Project("{2150E333-8FDC-42A3-9474-1A3956D46DE8}") = "1.2. Application", "1.2. Application", "{F23101D8-A9A8-4CF4-B8B4-C1C6FC33C1EB}"
EndProject
Project("{9A19103F-16F7-4668-BE54-9A1E7A4F7556}") = "CoWorking.Api.Application", "CoWorking.Api.Application\CoWorking.Api.Application.csproj", "{7C4C0B3B-F8CE-4A2F-A50C-BB1EE4A77B39}"
EndProject
Project("{9A19103F-16F7-4668-BE54-9A1E7A4F7556}") = "CoWorking.Api.Application.Contracts", "CoWorking.Api.Application.Contracts\CoWorking.Api.Application.Contracts.csproj", "{A59E58B0-687F-4508-9A72-B8CB4138073A}"
EndProject
Project("{2150E333-8FDC-42A3-9474-1A3956D46DE8}") = "1.3. Business", "1.3. Business", "{F4C83B1E-ACA3-4917-8779-028468E704A4}"
EndProject
Project("{9A19103F-16F7-4668-BE54-9A1E7A4F7556}") = "CoWorking.Api.Business", "CoWorking.Api.Business\CoWorking.Api.Business.csproj", "{5EDD100D-AD78-4DEF-B839-F21CEFBB05E3}"
EndProject
Project("{2150E333-8FDC-42A3-9474-1A3956D46DE8}") = "1.4. Data Access", "1.4. Data Access", "{9C383FA1-D44D-495D-8F9B-F95E1C06BE78}"
EndProject
Project("{FAE04EC0-301F-11D3-BF4B-00C04F79EFBC}") = "CoWorking.Api.DataAccess", "CoWorking.Api.DataAccess\CoWorking.Api.DataAccess.csproj", "{044D02C0-98F8-476D-8A79-B773F3347D4C}"
EndProject
Project("{FAE04EC0-301F-11D3-BF4B-00C04F79EFBC}") = "CoWorking.Api.DataAccess.Contracts", "CoWorking.Api.DataAccess.Contracts\CoWorking.Api.DataAccess.Contracts.csproj", "{D21F95B2-51B1-49E4-9A11-7C57953F18CA}"
EndProject
Project("{2150E333-8FDC-42A3-9474-1A3956D46DE8}") = "1.5. Cross-Cutting", "1.5. Cross-Cutting", "{DAF5DC06-8C45-44C6-80E2-5AB7F2366CB4}"
EndProject
Project("{FAE04EC0-301F-11D3-BF4B-00C04F79EFBC}") = "CoWorking.Api.CrossCutting", "CoWorking.Api.CrossCutting\CoWorking.Api.CrossCutting.csproj", "{C3110273-0145-4FC9-9468-F1F131F5214F}"
EndProject
Global
	GlobalSection(SolutionConfigurationPlatforms) = preSolution
		Debug|Any CPU = Debug|Any CPU
		Release|Any CPU = Release|Any CPU
	EndGlobalSection
	GlobalSection(ProjectConfigurationPlatforms) = postSolution
		{61950169-32A8-4C82-AC3A-F9A467B9A245}.Debug|Any CPU.ActiveCfg = Debug|Any CPU
		{61950169-32A8-4C82-AC3A-F9A467B9A245}.Debug|Any CPU.Build.0 = Debug|Any CPU
		{61950169-32A8-4C82-AC3A-F9A467B9A245}.Release|Any CPU.ActiveCfg = Release|Any CPU
		{61950169-32A8-4C82-AC3A-F9A467B9A245}.Release|Any CPU.Build.0 = Release|Any CPU
		{7C4C0B3B-F8CE-4A2F-A50C-BB1EE4A77B39}.Debug|Any CPU.ActiveCfg = Debug|Any CPU
		{7C4C0B3B-F8CE-4A2F-A50C-BB1EE4A77B39}.Debug|Any CPU.Build.0 = Debug|Any CPU
		{7C4C0B3B-F8CE-4A2F-A50C-BB1EE4A77B39}.Release|Any CPU.ActiveCfg = Release|Any CPU
		{7C4C0B3B-F8CE-4A2F-A50C-BB1EE4A77B39}.Release|Any CPU.Build.0 = Release|Any CPU
		{A59E58B0-687F-4508-9A72-B8CB4138073A}.Debug|Any CPU.ActiveCfg = Debug|Any CPU
		{A59E58B0-687F-4508-9A72-B8CB4138073A}.Debug|Any CPU.Build.0 = Debug|Any CPU
		{A59E58B0-687F-4508-9A72-B8CB4138073A}.Release|Any CPU.ActiveCfg = Release|Any CPU
		{A59E58B0-687F-4508-9A72-B8CB4138073A}.Release|Any CPU.Build.0 = Release|Any CPU
		{5EDD100D-AD78-4DEF-B839-F21CEFBB05E3}.Debug|Any CPU.ActiveCfg = Debug|Any CPU
		{5EDD100D-AD78-4DEF-B839-F21CEFBB05E3}.Debug|Any CPU.Build.0 = Debug|Any CPU
		{5EDD100D-AD78-4DEF-B839-F21CEFBB05E3}.Release|Any CPU.ActiveCfg = Release|Any CPU
		{5EDD100D-AD78-4DEF-B839-F21CEFBB05E3}.Release|Any CPU.Build.0 = Release|Any CPU
		{044D02C0-98F8-476D-8A79-B773F3347D4C}.Debug|Any CPU.ActiveCfg = Debug|Any CPU
		{044D02C0-98F8-476D-8A79-B773F3347D4C}.Debug|Any CPU.Build.0 = Debug|Any CPU
		{044D02C0-98F8-476D-8A79-B773F3347D4C}.Release|Any CPU.ActiveCfg = Release|Any CPU
		{044D02C0-98F8-476D-8A79-B773F3347D4C}.Release|Any CPU.Build.0 = Release|Any CPU
		{D21F95B2-51B1-49E4-9A11-7C57953F18CA}.Debug|Any CPU.ActiveCfg = Debug|Any CPU
		{D21F95B2-51B1-49E4-9A11-7C57953F18CA}.Debug|Any CPU.Build.0 = Debug|Any CPU
		{D21F95B2-51B1-49E4-9A11-7C57953F18CA}.Release|Any CPU.ActiveCfg = Release|Any CPU
		{D21F95B2-51B1-49E4-9A11-7C57953F18CA}.Release|Any CPU.Build.0 = Release|Any CPU
		{C3110273-0145-4FC9-9468-F1F131F5214F}.Debug|Any CPU.ActiveCfg = Debug|Any CPU
		{C3110273-0145-4FC9-9468-F1F131F5214F}.Debug|Any CPU.Build.0 = Debug|Any CPU
		{C3110273-0145-4FC9-9468-F1F131F5214F}.Release|Any CPU.ActiveCfg = Release|Any CPU
		{C3110273-0145-4FC9-9468-F1F131F5214F}.Release|Any CPU.Build.0 = Release|Any CPU
	EndGlobalSection
	GlobalSection(SolutionProperties) = preSolution
		HideSolutionNode = FALSE
	EndGlobalSection
	GlobalSection(NestedProjects) = preSolution
		{61950169-32A8-4C82-AC3A-F9A467B9A245} = {3DD56CE6-8615-4855-8666-C641E791A1C1}
		{3DD56CE6-8615-4855-8666-C641E791A1C1} = {272F160B-301C-4F29-953E-C1B9D0DB7B8A}
		{F23101D8-A9A8-4CF4-B8B4-C1C6FC33C1EB} = {272F160B-301C-4F29-953E-C1B9D0DB7B8A}
		{7C4C0B3B-F8CE-4A2F-A50C-BB1EE4A77B39} = {F23101D8-A9A8-4CF4-B8B4-C1C6FC33C1EB}
		{A59E58B0-687F-4508-9A72-B8CB4138073A} = {F23101D8-A9A8-4CF4-B8B4-C1C6FC33C1EB}
		{F4C83B1E-ACA3-4917-8779-028468E704A4} = {272F160B-301C-4F29-953E-C1B9D0DB7B8A}
		{5EDD100D-AD78-4DEF-B839-F21CEFBB05E3} = {F4C83B1E-ACA3-4917-8779-028468E704A4}
		{9C383FA1-D44D-495D-8F9B-F95E1C06BE78} = {272F160B-301C-4F29-953E-C1B9D0DB7B8A}
		{044D02C0-98F8-476D-8A79-B773F3347D4C} = {9C383FA1-D44D-495D-8F9B-F95E1C06BE78}
		{D21F95B2-51B1-49E4-9A11-7C57953F18CA} = {9C383FA1-D44D-495D-8F9B-F95E1C06BE78}
		{DAF5DC06-8C45-44C6-80E2-5AB7F2366CB4} = {272F160B-301C-4F29-953E-C1B9D0DB7B8A}
		{C3110273-0145-4FC9-9468-F1F131F5214F} = {DAF5DC06-8C45-44C6-80E2-5AB7F2366CB4}
	EndGlobalSection
	GlobalSection(ExtensibilityGlobals) = postSolution
		SolutionGuid = {9110352A-E488-4E1A-BC1B-A1DD4BB4E7E5}
	EndGlobalSection
EndGlobal
